<?xml version="1.0" encoding="utf-8"?>
<Project ToolsVersion="4.0" xmlns="http://schemas.microsoft.com/developer/msbuild/2003">
  <ItemGroup>
    <ClCompile Include="main.cpp">
      <Filter>Source</Filter>
    </ClCompile>
    <ClCompile Include="physicsWorld.cpp">
      <Filter>Source</Filter>
    </ClCompile>
    <ClCompile Include="aabbtree.cpp">
      <Filter>Source\Collision Detection</Filter>
    </ClCompile>
    <ClCompile Include="broadphase.cpp">
      <Filter>Source\Collision Detection</Filter>
    </ClCompile>
    <ClCompile Include="gjk.cpp">
      <Filter>Source\Collision Detection</Filter>
    </ClCompile>
    <ClCompile Include="pch.cpp">
      <Filter>Source\Commons</Filter>
    </ClCompile>
    <ClCompile Include="cActor.cpp">
      <Filter>Source\Components</Filter>
    </ClCompile>
    <ClCompile Include="manifold.cpp">
      <Filter>Source\Contacts</Filter>
    </ClCompile>
    <ClCompile Include="contact.cpp">
      <Filter>Source\Contacts</Filter>
    </ClCompile>
    <ClCompile Include="solver.cpp">
      <Filter>Source</Filter>
    </ClCompile>
    <ClCompile Include="fracture.cpp">
      <Filter>Source\Fracture</Filter>
    </ClCompile>
  </ItemGroup>
  <ItemGroup>
    <Filter Include="Headers">
      <UniqueIdentifier>{0005f1c6-880b-4b3a-bd08-abeb8986a7a6}</UniqueIdentifier>
    </Filter>
    <Filter Include="Source">
      <UniqueIdentifier>{0edf3f6e-eafb-4e37-bdf9-8f51ba2e4139}</UniqueIdentifier>
    </Filter>
    <Filter Include="Headers\Collision Detection">
      <UniqueIdentifier>{de08fc49-f834-4641-a268-d6d642c72293}</UniqueIdentifier>
    </Filter>
    <Filter Include="Headers\Commons">
      <UniqueIdentifier>{488c49a4-3a0d-4b1e-9586-cfb0a9b7ba1f}</UniqueIdentifier>
    </Filter>
    <Filter Include="Source\Collision Detection">
      <UniqueIdentifier>{5ecc582c-80b6-4a40-9e4f-3542a7f1e980}</UniqueIdentifier>
    </Filter>
    <Filter Include="Source\Commons">
      <UniqueIdentifier>{55b73fba-ac16-46d0-9228-41544e852d39}</UniqueIdentifier>
    </Filter>
    <Filter Include="Headers\Components">
      <UniqueIdentifier>{75df9e38-48c1-429c-8d36-e5182f1bfbfe}</UniqueIdentifier>
    </Filter>
    <Filter Include="Source\Components">
      <UniqueIdentifier>{56ce437f-058d-449b-8372-16f3ccad792d}</UniqueIdentifier>
    </Filter>
    <Filter Include="Headers\Contacts">
      <UniqueIdentifier>{f94fb8e9-832f-4113-b081-1a853d43070b}</UniqueIdentifier>
    </Filter>
    <Filter Include="Source\Contacts">
      <UniqueIdentifier>{fd717bcf-09af-41ec-90f4-ca25b0e3323f}</UniqueIdentifier>
    </Filter>
    <Filter Include="Headers\Fracture">
      <UniqueIdentifier>{fd215a2b-09e6-4bf7-8e15-bcfef9fc61a3}</UniqueIdentifier>
    </Filter>
    <Filter Include="Source\Fracture">
      <UniqueIdentifier>{9dbceeb7-b1ee-4232-b325-f09f1f030743}</UniqueIdentifier>
    </Filter>
  </ItemGroup>
  <ItemGroup>
    <ClInclude Include="physicsWorld.h">
      <Filter>Headers</Filter>
    </ClInclude>
    <ClInclude Include="integrators.h">
      <Filter>Headers</Filter>
    </ClInclude>
    <ClInclude Include="aabb.h">
      <Filter>Headers\Collision Detection</Filter>
    </ClInclude>
    <ClInclude Include="aabbtree.h">
      <Filter>Headers\Collision Detection</Filter>
    </ClInclude>
    <ClInclude Include="broadphase.h">
      <Filter>Headers\Collision Detection</Filter>
    </ClInclude>
    <ClInclude Include="chioriMath.h">
      <Filter>Headers\Commons</Filter>
    </ClInclude>
    <ClInclude Include="commons.h">
      <Filter>Headers\Commons</Filter>
    </ClInclude>
    <ClInclude Include="flag.h">
      <Filter>Headers\Commons</Filter>
    </ClInclude>
    <ClInclude Include="gjk.h">
      <Filter>Headers\Collision Detection</Filter>
    </ClInclude>
    <ClInclude Include="pch.h">
      <Filter>Headers\Commons</Filter>
    </ClInclude>
    <ClInclude Include="cActor.h">
      <Filter>Headers\Components</Filter>
    </ClInclude>
    <ClInclude Include="cShape.h">
      <Filter>Headers\Components</Filter>
    </ClInclude>
    <ClInclude Include="chioriPool.h">
      <Filter>Headers\Commons</Filter>
    </ClInclude>
    <ClInclude Include="manifold.h">
      <Filter>Headers\Contacts</Filter>
    </ClInclude>
    <ClInclude Include="contact.h">
      <Filter>Headers\Contacts</Filter>
    </ClInclude>
    <ClInclude Include="solver.h">
      <Filter>Headers</Filter>
    </ClInclude>
    <ClInclude Include="chioriAllocator.h">
      <Filter>Headers\Commons</Filter>
    </ClInclude>
    <ClInclude Include="fracture.h">
      <Filter>Headers\Fracture</Filter>
    </ClInclude>
  </ItemGroup>
</Project>