<?xml version="1.0" encoding="utf-8"?>
<Project ToolsVersion="4.0" xmlns="http://schemas.microsoft.com/developer/msbuild/2003">
  <ItemGroup>
    <ClCompile Include="main.cpp">
      <Filter>Source</Filter>
    </ClCompile>
    <ClCompile Include="pch.cpp">
      <Filter>Source</Filter>
    </ClCompile>
    <ClCompile Include="gjk.cpp">
      <Filter>Source</Filter>
    </ClCompile>
    <ClCompile Include="rigidbody.cpp">
      <Filter>Source</Filter>
    </ClCompile>
    <ClCompile Include="shape.cpp">
      <Filter>Source</Filter>
    </ClCompile>
    <ClCompile Include="vector2.cpp">
      <Filter>Source</Filter>
    </ClCompile>
  </ItemGroup>
  <ItemGroup>
    <Filter Include="Headers">
      <UniqueIdentifier>{0005f1c6-880b-4b3a-bd08-abeb8986a7a6}</UniqueIdentifier>
    </Filter>
    <Filter Include="Source">
      <UniqueIdentifier>{0edf3f6e-eafb-4e37-bdf9-8f51ba2e4139}</UniqueIdentifier>
    </Filter>
  </ItemGroup>
  <ItemGroup>
    <ClInclude Include="vector2.h">
      <Filter>Headers</Filter>
    </ClInclude>
    <ClInclude Include="pch.h">
      <Filter>Headers</Filter>
    </ClInclude>
    <ClInclude Include="aabb.h">
      <Filter>Headers</Filter>
    </ClInclude>
    <ClInclude Include="aabbtree.h">
      <Filter>Headers</Filter>
    </ClInclude>
    <ClInclude Include="commons.h">
      <Filter>Headers</Filter>
    </ClInclude>
    <ClInclude Include="shape.h">
      <Filter>Headers</Filter>
    </ClInclude>
    <ClInclude Include="simplex.h">
      <Filter>Headers</Filter>
    </ClInclude>
    <ClInclude Include="rigidbody.h">
      <Filter>Headers</Filter>
    </ClInclude>
    <ClInclude Include="gjk.h">
      <Filter>Headers</Filter>
    </ClInclude>
    <ClInclude Include="flag.h">
      <Filter>Headers</Filter>
    </ClInclude>
  </ItemGroup>
</Project>